
Microsoft Visual Studio Solution File, Format Version 12.00
# Visual Studio Version 16
VisualStudioVersion = 16.0.30517.126
MinimumVisualStudioVersion = 10.0.40219.1
Project("{9A19103F-16F7-4668-BE54-9A1E7A4F7556}") = "WebApplication", "WebApplication\WebApplication.csproj", "{49F53375-F53D-4CAB-B366-C630FB8E10B4}"
EndProject
Project("{E53339B2-1760-4266-BCC7-CA923CBCF16C}") = "docker-compose", "docker-compose.dcproj", "{785589ED-E9EE-42D9-BCC7-7DF4FB970D4E}"
EndProject
Project("{2150E333-8FDC-42A3-9474-1A3956D46DE8}") = "Solution Items", "Solution Items", "{341B161A-55F0-4751-9296-8CD4ADFF2C45}"
	ProjectSection(SolutionItems) = preProject
		README.md = README.md
	EndProjectSection
EndProject
Global
	GlobalSection(SolutionConfigurationPlatforms) = preSolution
		Debug|Any CPU = Debug|Any CPU
		Release|Any CPU = Release|Any CPU
	EndGlobalSection
	GlobalSection(ProjectConfigurationPlatforms) = postSolution
		{49F53375-F53D-4CAB-B366-C630FB8E10B4}.Debug|Any CPU.ActiveCfg = Debug|Any CPU
		{49F53375-F53D-4CAB-B366-C630FB8E10B4}.Debug|Any CPU.Build.0 = Debug|Any CPU
		{49F53375-F53D-4CAB-B366-C630FB8E10B4}.Release|Any CPU.ActiveCfg = Release|Any CPU
		{49F53375-F53D-4CAB-B366-C630FB8E10B4}.Release|Any CPU.Build.0 = Release|Any CPU
		{785589ED-E9EE-42D9-BCC7-7DF4FB970D4E}.Debug|Any CPU.ActiveCfg = Debug|Any CPU
		{785589ED-E9EE-42D9-BCC7-7DF4FB970D4E}.Debug|Any CPU.Build.0 = Debug|Any CPU
		{785589ED-E9EE-42D9-BCC7-7DF4FB970D4E}.Release|Any CPU.ActiveCfg = Release|Any CPU
		{785589ED-E9EE-42D9-BCC7-7DF4FB970D4E}.Release|Any CPU.Build.0 = Release|Any CPU
	EndGlobalSection
	GlobalSection(SolutionProperties) = preSolution
		HideSolutionNode = FALSE
	EndGlobalSection
	GlobalSection(ExtensibilityGlobals) = postSolution
		SolutionGuid = {B1632774-2929-40F7-BDCF-FA2C60408FAF}
	EndGlobalSection
EndGlobal
